
Microsoft Visual Studio Solution File, Format Version 12.00
# Visual Studio Version 16
VisualStudioVersion = 16.0.30621.155
MinimumVisualStudioVersion = 10.0.40219.1
Project("{FAE04EC0-301F-11D3-BF4B-00C04F79EFBC}") = "Hokemon", "Hokemon\Hokemon.csproj", "{4C4411FC-444B-4257-91A9-088827A5A3CD}"
EndProject
Project("{2150E333-8FDC-42A3-9474-1A3956D46DE8}") = "Solution Items", "Solution Items", "{4A690C10-FB50-4DA4-BA4E-9F0160EA0844}"
EndProject
Global
	GlobalSection(SolutionConfigurationPlatforms) = preSolution
		Debug|Any CPU = Debug|Any CPU
		Release|Any CPU = Release|Any CPU
	EndGlobalSection
	GlobalSection(ProjectConfigurationPlatforms) = postSolution
		{4C4411FC-444B-4257-91A9-088827A5A3CD}.Debug|Any CPU.ActiveCfg = Debug|Any CPU
		{4C4411FC-444B-4257-91A9-088827A5A3CD}.Debug|Any CPU.Build.0 = Debug|Any CPU
		{4C4411FC-444B-4257-91A9-088827A5A3CD}.Release|Any CPU.ActiveCfg = Release|Any CPU
		{4C4411FC-444B-4257-91A9-088827A5A3CD}.Release|Any CPU.Build.0 = Release|Any CPU
	EndGlobalSection
	GlobalSection(SolutionProperties) = preSolution
		HideSolutionNode = FALSE
	EndGlobalSection
	GlobalSection(ExtensibilityGlobals) = postSolution
		SolutionGuid = {89B4A171-38D9-4D66-A7DE-A4AA676DAEC2}
	EndGlobalSection
EndGlobal
